// !$*UTF8*$!
{
	archiveVersion = 1;
	classes = {
	};
	objectVersion = 55;
	objects = {

/* Begin PBXBuildFile section */
		0EFA1FF928031CD80058C830 /* AppDelegate.swift in Sources */ = {isa = PBXBuildFile; fileRef = 0EFA1FF828031CD80058C830 /* AppDelegate.swift */; };
		0EFA1FFD28031CD80058C830 /* HomeViewController.swift in Sources */ = {isa = PBXBuildFile; fileRef = 0EFA1FFC28031CD80058C830 /* HomeViewController.swift */; };
		0EFA200228031CDA0058C830 /* Assets.xcassets in Resources */ = {isa = PBXBuildFile; fileRef = 0EFA200128031CDA0058C830 /* Assets.xcassets */; };
		0EFA200528031CDA0058C830 /* LaunchScreen.storyboard in Resources */ = {isa = PBXBuildFile; fileRef = 0EFA200328031CDA0058C830 /* LaunchScreen.storyboard */; };
		0EFA201028031CDA0058C830 /* SampleTinder_MVVMTests.swift in Sources */ = {isa = PBXBuildFile; fileRef = 0EFA200F28031CDA0058C830 /* SampleTinder_MVVMTests.swift */; };
		0EFA201A28031CDA0058C830 /* SampleTinder_MVVMUITests.swift in Sources */ = {isa = PBXBuildFile; fileRef = 0EFA201928031CDA0058C830 /* SampleTinder_MVVMUITests.swift */; };
		0EFA201C28031CDA0058C830 /* SampleTinder_MVVMUITestsLaunchTests.swift in Sources */ = {isa = PBXBuildFile; fileRef = 0EFA201B28031CDA0058C830 /* SampleTinder_MVVMUITestsLaunchTests.swift */; };
		0EFA20372807F02B0058C830 /* BottomControlView.swift in Sources */ = {isa = PBXBuildFile; fileRef = 0EFA20362807F02B0058C830 /* BottomControlView.swift */; };
		0EFA2039280860870058C830 /* UIImage+.swift in Sources */ = {isa = PBXBuildFile; fileRef = 0EFA2038280860870058C830 /* UIImage+.swift */; };
		0EFA203C280AEE7D0058C830 /* TopControlView.swift in Sources */ = {isa = PBXBuildFile; fileRef = 0EFA203B280AEE7D0058C830 /* TopControlView.swift */; };
		0EFA203F280AF60D0058C830 /* RxCocoa in Frameworks */ = {isa = PBXBuildFile; productRef = 0EFA203E280AF60D0058C830 /* RxCocoa */; };
		0EFA2041280AF60D0058C830 /* RxRelay in Frameworks */ = {isa = PBXBuildFile; productRef = 0EFA2040280AF60D0058C830 /* RxRelay */; };
		0EFA2043280AF60D0058C830 /* RxSwift in Frameworks */ = {isa = PBXBuildFile; productRef = 0EFA2042280AF60D0058C830 /* RxSwift */; };
		0EFA2045280C352A0058C830 /* UIView+.swift in Sources */ = {isa = PBXBuildFile; fileRef = 0EFA2044280C352A0058C830 /* UIView+.swift */; };
		0EFA2047280C3CFE0058C830 /* CardView.swift in Sources */ = {isa = PBXBuildFile; fileRef = 0EFA2046280C3CFE0058C830 /* CardView.swift */; };
		0EFA2049280DA7340058C830 /* UIColor+.swift in Sources */ = {isa = PBXBuildFile; fileRef = 0EFA2048280DA7340058C830 /* UIColor+.swift */; };
		0EFA204B280E8BB10058C830 /* CardInfoLabel.swift in Sources */ = {isa = PBXBuildFile; fileRef = 0EFA204A280E8BB10058C830 /* CardInfoLabel.swift */; };
		0EFA204D280E902A0058C830 /* UIButton+.swift in Sources */ = {isa = PBXBuildFile; fileRef = 0EFA204C280E902A0058C830 /* UIButton+.swift */; };
		0EFA204F280E90EA0058C830 /* CardImageView.swift in Sources */ = {isa = PBXBuildFile; fileRef = 0EFA204E280E90EA0058C830 /* CardImageView.swift */; };
		0EFA2053280EF2950058C830 /* GoogleService-Info.plist in Resources */ = {isa = PBXBuildFile; fileRef = 0EFA2052280EF2950058C830 /* GoogleService-Info.plist */; };
		0EFA2055280F45050058C830 /* RegisterViewController.swift in Sources */ = {isa = PBXBuildFile; fileRef = 0EFA2054280F45050058C830 /* RegisterViewController.swift */; };
		0EFA2059280F49DC0058C830 /* RegisterTextField.swift in Sources */ = {isa = PBXBuildFile; fileRef = 0EFA2058280F49DC0058C830 /* RegisterTextField.swift */; };
		0EFA205B280F55010058C830 /* RegisterTitleLabel.swift in Sources */ = {isa = PBXBuildFile; fileRef = 0EFA205A280F55010058C830 /* RegisterTitleLabel.swift */; };
		0EFA205D280F581B0058C830 /* RegisterButton.swift in Sources */ = {isa = PBXBuildFile; fileRef = 0EFA205C280F581B0058C830 /* RegisterButton.swift */; };
		0EFA20622812E10C0058C830 /* FirebaseManager.swift in Sources */ = {isa = PBXBuildFile; fileRef = 0EFA20612812E10B0058C830 /* FirebaseManager.swift */; };
		0EFA20652813D1610058C830 /* RegisterViewModel.swift in Sources */ = {isa = PBXBuildFile; fileRef = 0EFA20642813D1610058C830 /* RegisterViewModel.swift */; };
		0EFA2069281584DC0058C830 /* LoginViewController.swift in Sources */ = {isa = PBXBuildFile; fileRef = 0EFA2068281584DC0058C830 /* LoginViewController.swift */; };
		0EFA206F281701EF0058C830 /* PKHUD in Frameworks */ = {isa = PBXBuildFile; productRef = 0EFA206E281701EF0058C830 /* PKHUD */; };
		0EFA2072281830090058C830 /* User.swift in Sources */ = {isa = PBXBuildFile; fileRef = 0EFA2071281830090058C830 /* User.swift */; };
		3AA0CFBD0042D7A7B0C8ACEB /* Pods_SampleTinder_MVVM.framework in Frameworks */ = {isa = PBXBuildFile; fileRef = BD7800492A520FE06BAB3369 /* Pods_SampleTinder_MVVM.framework */; };
/* End PBXBuildFile section */

/* Begin PBXContainerItemProxy section */
		0EFA200C28031CDA0058C830 /* PBXContainerItemProxy */ = {
			isa = PBXContainerItemProxy;
			containerPortal = 0EFA1FED28031CD80058C830 /* Project object */;
			proxyType = 1;
			remoteGlobalIDString = 0EFA1FF428031CD80058C830;
			remoteInfo = "SampleTinder-MVVM";
		};
		0EFA201628031CDA0058C830 /* PBXContainerItemProxy */ = {
			isa = PBXContainerItemProxy;
			containerPortal = 0EFA1FED28031CD80058C830 /* Project object */;
			proxyType = 1;
			remoteGlobalIDString = 0EFA1FF428031CD80058C830;
			remoteInfo = "SampleTinder-MVVM";
		};
/* End PBXContainerItemProxy section */

/* Begin PBXFileReference section */
		0EFA1FF528031CD80058C830 /* SampleTinder-MVVM.app */ = {isa = PBXFileReference; explicitFileType = wrapper.application; includeInIndex = 0; path = "SampleTinder-MVVM.app"; sourceTree = BUILT_PRODUCTS_DIR; };
		0EFA1FF828031CD80058C830 /* AppDelegate.swift */ = {isa = PBXFileReference; lastKnownFileType = sourcecode.swift; path = AppDelegate.swift; sourceTree = "<group>"; };
		0EFA1FFC28031CD80058C830 /* HomeViewController.swift */ = {isa = PBXFileReference; lastKnownFileType = sourcecode.swift; path = HomeViewController.swift; sourceTree = "<group>"; };
		0EFA200128031CDA0058C830 /* Assets.xcassets */ = {isa = PBXFileReference; lastKnownFileType = folder.assetcatalog; path = Assets.xcassets; sourceTree = "<group>"; };
		0EFA200428031CDA0058C830 /* Base */ = {isa = PBXFileReference; lastKnownFileType = file.storyboard; name = Base; path = Base.lproj/LaunchScreen.storyboard; sourceTree = "<group>"; };
		0EFA200628031CDA0058C830 /* Info.plist */ = {isa = PBXFileReference; lastKnownFileType = text.plist.xml; path = Info.plist; sourceTree = "<group>"; };
		0EFA200B28031CDA0058C830 /* SampleTinder-MVVMTests.xctest */ = {isa = PBXFileReference; explicitFileType = wrapper.cfbundle; includeInIndex = 0; path = "SampleTinder-MVVMTests.xctest"; sourceTree = BUILT_PRODUCTS_DIR; };
		0EFA200F28031CDA0058C830 /* SampleTinder_MVVMTests.swift */ = {isa = PBXFileReference; lastKnownFileType = sourcecode.swift; path = SampleTinder_MVVMTests.swift; sourceTree = "<group>"; };
		0EFA201528031CDA0058C830 /* SampleTinder-MVVMUITests.xctest */ = {isa = PBXFileReference; explicitFileType = wrapper.cfbundle; includeInIndex = 0; path = "SampleTinder-MVVMUITests.xctest"; sourceTree = BUILT_PRODUCTS_DIR; };
		0EFA201928031CDA0058C830 /* SampleTinder_MVVMUITests.swift */ = {isa = PBXFileReference; lastKnownFileType = sourcecode.swift; path = SampleTinder_MVVMUITests.swift; sourceTree = "<group>"; };
		0EFA201B28031CDA0058C830 /* SampleTinder_MVVMUITestsLaunchTests.swift */ = {isa = PBXFileReference; lastKnownFileType = sourcecode.swift; path = SampleTinder_MVVMUITestsLaunchTests.swift; sourceTree = "<group>"; };
		0EFA20362807F02B0058C830 /* BottomControlView.swift */ = {isa = PBXFileReference; lastKnownFileType = sourcecode.swift; path = BottomControlView.swift; sourceTree = "<group>"; };
		0EFA2038280860870058C830 /* UIImage+.swift */ = {isa = PBXFileReference; lastKnownFileType = sourcecode.swift; path = "UIImage+.swift"; sourceTree = "<group>"; };
		0EFA203B280AEE7D0058C830 /* TopControlView.swift */ = {isa = PBXFileReference; lastKnownFileType = sourcecode.swift; path = TopControlView.swift; sourceTree = "<group>"; };
		0EFA2044280C352A0058C830 /* UIView+.swift */ = {isa = PBXFileReference; lastKnownFileType = sourcecode.swift; path = "UIView+.swift"; sourceTree = "<group>"; };
		0EFA2046280C3CFE0058C830 /* CardView.swift */ = {isa = PBXFileReference; lastKnownFileType = sourcecode.swift; path = CardView.swift; sourceTree = "<group>"; };
		0EFA2048280DA7340058C830 /* UIColor+.swift */ = {isa = PBXFileReference; lastKnownFileType = sourcecode.swift; path = "UIColor+.swift"; sourceTree = "<group>"; };
		0EFA204A280E8BB10058C830 /* CardInfoLabel.swift */ = {isa = PBXFileReference; lastKnownFileType = sourcecode.swift; path = CardInfoLabel.swift; sourceTree = "<group>"; };
		0EFA204C280E902A0058C830 /* UIButton+.swift */ = {isa = PBXFileReference; lastKnownFileType = sourcecode.swift; path = "UIButton+.swift"; sourceTree = "<group>"; };
		0EFA204E280E90EA0058C830 /* CardImageView.swift */ = {isa = PBXFileReference; lastKnownFileType = sourcecode.swift; path = CardImageView.swift; sourceTree = "<group>"; };
		0EFA2052280EF2950058C830 /* GoogleService-Info.plist */ = {isa = PBXFileReference; fileEncoding = 4; lastKnownFileType = text.plist.xml; path = "GoogleService-Info.plist"; sourceTree = "<group>"; };
		0EFA2054280F45050058C830 /* RegisterViewController.swift */ = {isa = PBXFileReference; lastKnownFileType = sourcecode.swift; path = RegisterViewController.swift; sourceTree = "<group>"; };
		0EFA2058280F49DC0058C830 /* RegisterTextField.swift */ = {isa = PBXFileReference; lastKnownFileType = sourcecode.swift; path = RegisterTextField.swift; sourceTree = "<group>"; };
		0EFA205A280F55010058C830 /* RegisterTitleLabel.swift */ = {isa = PBXFileReference; lastKnownFileType = sourcecode.swift; path = RegisterTitleLabel.swift; sourceTree = "<group>"; };
		0EFA205C280F581B0058C830 /* RegisterButton.swift */ = {isa = PBXFileReference; lastKnownFileType = sourcecode.swift; path = RegisterButton.swift; sourceTree = "<group>"; };
		0EFA20612812E10B0058C830 /* FirebaseManager.swift */ = {isa = PBXFileReference; lastKnownFileType = sourcecode.swift; path = FirebaseManager.swift; sourceTree = "<group>"; };
		0EFA20642813D1610058C830 /* RegisterViewModel.swift */ = {isa = PBXFileReference; lastKnownFileType = sourcecode.swift; path = RegisterViewModel.swift; sourceTree = "<group>"; };
		0EFA2068281584DC0058C830 /* LoginViewController.swift */ = {isa = PBXFileReference; lastKnownFileType = sourcecode.swift; path = LoginViewController.swift; sourceTree = "<group>"; };
		0EFA2071281830090058C830 /* User.swift */ = {isa = PBXFileReference; lastKnownFileType = sourcecode.swift; path = User.swift; sourceTree = "<group>"; };
		3798BDAC999DAF7BCE609D2B /* Pods-SampleTinder-MVVM.release.xcconfig */ = {isa = PBXFileReference; includeInIndex = 1; lastKnownFileType = text.xcconfig; name = "Pods-SampleTinder-MVVM.release.xcconfig"; path = "Target Support Files/Pods-SampleTinder-MVVM/Pods-SampleTinder-MVVM.release.xcconfig"; sourceTree = "<group>"; };
		AC7670495415512080A17A7F /* Pods-SampleTinder-MVVM.debug.xcconfig */ = {isa = PBXFileReference; includeInIndex = 1; lastKnownFileType = text.xcconfig; name = "Pods-SampleTinder-MVVM.debug.xcconfig"; path = "Target Support Files/Pods-SampleTinder-MVVM/Pods-SampleTinder-MVVM.debug.xcconfig"; sourceTree = "<group>"; };
		BD7800492A520FE06BAB3369 /* Pods_SampleTinder_MVVM.framework */ = {isa = PBXFileReference; explicitFileType = wrapper.framework; includeInIndex = 0; path = Pods_SampleTinder_MVVM.framework; sourceTree = BUILT_PRODUCTS_DIR; };
/* End PBXFileReference section */

/* Begin PBXFrameworksBuildPhase section */
		0EFA1FF228031CD80058C830 /* Frameworks */ = {
			isa = PBXFrameworksBuildPhase;
			buildActionMask = 2147483647;
			files = (
				0EFA2041280AF60D0058C830 /* RxRelay in Frameworks */,
				0EFA203F280AF60D0058C830 /* RxCocoa in Frameworks */,
				0EFA2043280AF60D0058C830 /* RxSwift in Frameworks */,
				0EFA206F281701EF0058C830 /* PKHUD in Frameworks */,
				3AA0CFBD0042D7A7B0C8ACEB /* Pods_SampleTinder_MVVM.framework in Frameworks */,
			);
			runOnlyForDeploymentPostprocessing = 0;
		};
		0EFA200828031CDA0058C830 /* Frameworks */ = {
			isa = PBXFrameworksBuildPhase;
			buildActionMask = 2147483647;
			files = (
			);
			runOnlyForDeploymentPostprocessing = 0;
		};
		0EFA201228031CDA0058C830 /* Frameworks */ = {
			isa = PBXFrameworksBuildPhase;
			buildActionMask = 2147483647;
			files = (
			);
			runOnlyForDeploymentPostprocessing = 0;
		};
/* End PBXFrameworksBuildPhase section */

/* Begin PBXGroup section */
		0EFA1FEC28031CD80058C830 = {
			isa = PBXGroup;
			children = (
				0EFA1FF728031CD80058C830 /* SampleTinder-MVVM */,
				0EFA200E28031CDA0058C830 /* SampleTinder-MVVMTests */,
				0EFA201828031CDA0058C830 /* SampleTinder-MVVMUITests */,
				0EFA1FF628031CD80058C830 /* Products */,
				C61BCE1C9E206DF3DCD5C053 /* Pods */,
				58F62FD4B55049AB46CD4D71 /* Frameworks */,
			);
			sourceTree = "<group>";
		};
		0EFA1FF628031CD80058C830 /* Products */ = {
			isa = PBXGroup;
			children = (
				0EFA1FF528031CD80058C830 /* SampleTinder-MVVM.app */,
				0EFA200B28031CDA0058C830 /* SampleTinder-MVVMTests.xctest */,
				0EFA201528031CDA0058C830 /* SampleTinder-MVVMUITests.xctest */,
			);
			name = Products;
			sourceTree = "<group>";
		};
		0EFA1FF728031CD80058C830 /* SampleTinder-MVVM */ = {
			isa = PBXGroup;
			children = (
				0EFA1FF828031CD80058C830 /* AppDelegate.swift */,
				0EFA203A280860940058C830 /* Extensions */,
				0EFA20602812E0CE0058C830 /* Utilities */,
				0EFA207028182FF00058C830 /* Models */,
				0EFA20352807EFF00058C830 /* Views */,
				0EFA20632813D1010058C830 /* ViewModels */,
				0EFA20342807EFC40058C830 /* Viewcontroller */,
				0EFA200128031CDA0058C830 /* Assets.xcassets */,
				0EFA200328031CDA0058C830 /* LaunchScreen.storyboard */,
				0EFA200628031CDA0058C830 /* Info.plist */,
				0EFA2052280EF2950058C830 /* GoogleService-Info.plist */,
			);
			path = "SampleTinder-MVVM";
			sourceTree = "<group>";
		};
		0EFA200E28031CDA0058C830 /* SampleTinder-MVVMTests */ = {
			isa = PBXGroup;
			children = (
				0EFA200F28031CDA0058C830 /* SampleTinder_MVVMTests.swift */,
			);
			path = "SampleTinder-MVVMTests";
			sourceTree = "<group>";
		};
		0EFA201828031CDA0058C830 /* SampleTinder-MVVMUITests */ = {
			isa = PBXGroup;
			children = (
				0EFA201928031CDA0058C830 /* SampleTinder_MVVMUITests.swift */,
				0EFA201B28031CDA0058C830 /* SampleTinder_MVVMUITestsLaunchTests.swift */,
			);
			path = "SampleTinder-MVVMUITests";
			sourceTree = "<group>";
		};
		0EFA20342807EFC40058C830 /* Viewcontroller */ = {
			isa = PBXGroup;
			children = (
				0EFA1FFC28031CD80058C830 /* HomeViewController.swift */,
				0EFA2054280F45050058C830 /* RegisterViewController.swift */,
				0EFA2068281584DC0058C830 /* LoginViewController.swift */,
			);
			path = Viewcontroller;
			sourceTree = "<group>";
		};
		0EFA20352807EFF00058C830 /* Views */ = {
			isa = PBXGroup;
			children = (
				0EFA2057280F49710058C830 /* Register */,
				0EFA2056280F495A0058C830 /* Home */,
			);
			path = Views;
			sourceTree = "<group>";
		};
		0EFA203A280860940058C830 /* Extensions */ = {
			isa = PBXGroup;
			children = (
				0EFA2038280860870058C830 /* UIImage+.swift */,
				0EFA2044280C352A0058C830 /* UIView+.swift */,
				0EFA2048280DA7340058C830 /* UIColor+.swift */,
				0EFA204C280E902A0058C830 /* UIButton+.swift */,
			);
			path = Extensions;
			sourceTree = "<group>";
		};
		0EFA2056280F495A0058C830 /* Home */ = {
			isa = PBXGroup;
			children = (
				0EFA203B280AEE7D0058C830 /* TopControlView.swift */,
				0EFA20362807F02B0058C830 /* BottomControlView.swift */,
				0EFA2046280C3CFE0058C830 /* CardView.swift */,
				0EFA204A280E8BB10058C830 /* CardInfoLabel.swift */,
				0EFA204E280E90EA0058C830 /* CardImageView.swift */,
			);
			path = Home;
			sourceTree = "<group>";
		};
		0EFA2057280F49710058C830 /* Register */ = {
			isa = PBXGroup;
			children = (
				0EFA2058280F49DC0058C830 /* RegisterTextField.swift */,
				0EFA205A280F55010058C830 /* RegisterTitleLabel.swift */,
				0EFA205C280F581B0058C830 /* RegisterButton.swift */,
			);
			path = Register;
			sourceTree = "<group>";
		};
		0EFA20602812E0CE0058C830 /* Utilities */ = {
			isa = PBXGroup;
			children = (
				0EFA20612812E10B0058C830 /* FirebaseManager.swift */,
			);
			path = Utilities;
			sourceTree = "<group>";
		};
		0EFA20632813D1010058C830 /* ViewModels */ = {
			isa = PBXGroup;
			children = (
				0EFA20642813D1610058C830 /* RegisterViewModel.swift */,
			);
			path = ViewModels;
			sourceTree = "<group>";
		};
		0EFA207028182FF00058C830 /* Models */ = {
			isa = PBXGroup;
			children = (
				0EFA2071281830090058C830 /* User.swift */,
			);
			path = Models;
			sourceTree = "<group>";
		};
		58F62FD4B55049AB46CD4D71 /* Frameworks */ = {
			isa = PBXGroup;
			children = (
				BD7800492A520FE06BAB3369 /* Pods_SampleTinder_MVVM.framework */,
			);
			name = Frameworks;
			sourceTree = "<group>";
		};
		C61BCE1C9E206DF3DCD5C053 /* Pods */ = {
			isa = PBXGroup;
			children = (
				AC7670495415512080A17A7F /* Pods-SampleTinder-MVVM.debug.xcconfig */,
				3798BDAC999DAF7BCE609D2B /* Pods-SampleTinder-MVVM.release.xcconfig */,
			);
			path = Pods;
			sourceTree = "<group>";
		};
/* End PBXGroup section */

/* Begin PBXNativeTarget section */
		0EFA1FF428031CD80058C830 /* SampleTinder-MVVM */ = {
			isa = PBXNativeTarget;
			buildConfigurationList = 0EFA201F28031CDA0058C830 /* Build configuration list for PBXNativeTarget "SampleTinder-MVVM" */;
			buildPhases = (
				EAA433F9027C84C18C808231 /* [CP] Check Pods Manifest.lock */,
				0EFA1FF128031CD80058C830 /* Sources */,
				0EFA1FF228031CD80058C830 /* Frameworks */,
				0EFA1FF328031CD80058C830 /* Resources */,
				98939A30A95C59F995425F55 /* [CP] Embed Pods Frameworks */,
			);
			buildRules = (
			);
			dependencies = (
			);
			name = "SampleTinder-MVVM";
			packageProductDependencies = (
				0EFA203E280AF60D0058C830 /* RxCocoa */,
				0EFA2040280AF60D0058C830 /* RxRelay */,
				0EFA2042280AF60D0058C830 /* RxSwift */,
				0EFA206E281701EF0058C830 /* PKHUD */,
			);
			productName = "SampleTinder-MVVM";
			productReference = 0EFA1FF528031CD80058C830 /* SampleTinder-MVVM.app */;
			productType = "com.apple.product-type.application";
		};
		0EFA200A28031CDA0058C830 /* SampleTinder-MVVMTests */ = {
			isa = PBXNativeTarget;
			buildConfigurationList = 0EFA202228031CDA0058C830 /* Build configuration list for PBXNativeTarget "SampleTinder-MVVMTests" */;
			buildPhases = (
				0EFA200728031CDA0058C830 /* Sources */,
				0EFA200828031CDA0058C830 /* Frameworks */,
				0EFA200928031CDA0058C830 /* Resources */,
			);
			buildRules = (
			);
			dependencies = (
				0EFA200D28031CDA0058C830 /* PBXTargetDependency */,
			);
			name = "SampleTinder-MVVMTests";
			productName = "SampleTinder-MVVMTests";
			productReference = 0EFA200B28031CDA0058C830 /* SampleTinder-MVVMTests.xctest */;
			productType = "com.apple.product-type.bundle.unit-test";
		};
		0EFA201428031CDA0058C830 /* SampleTinder-MVVMUITests */ = {
			isa = PBXNativeTarget;
			buildConfigurationList = 0EFA202528031CDA0058C830 /* Build configuration list for PBXNativeTarget "SampleTinder-MVVMUITests" */;
			buildPhases = (
				0EFA201128031CDA0058C830 /* Sources */,
				0EFA201228031CDA0058C830 /* Frameworks */,
				0EFA201328031CDA0058C830 /* Resources */,
			);
			buildRules = (
			);
			dependencies = (
				0EFA201728031CDA0058C830 /* PBXTargetDependency */,
			);
			name = "SampleTinder-MVVMUITests";
			productName = "SampleTinder-MVVMUITests";
			productReference = 0EFA201528031CDA0058C830 /* SampleTinder-MVVMUITests.xctest */;
			productType = "com.apple.product-type.bundle.ui-testing";
		};
/* End PBXNativeTarget section */

/* Begin PBXProject section */
		0EFA1FED28031CD80058C830 /* Project object */ = {
			isa = PBXProject;
			attributes = {
				BuildIndependentTargetsInParallel = 1;
				LastSwiftUpdateCheck = 1330;
				LastUpgradeCheck = 1330;
				TargetAttributes = {
					0EFA1FF428031CD80058C830 = {
						CreatedOnToolsVersion = 13.3;
					};
					0EFA200A28031CDA0058C830 = {
						CreatedOnToolsVersion = 13.3;
						TestTargetID = 0EFA1FF428031CD80058C830;
					};
					0EFA201428031CDA0058C830 = {
						CreatedOnToolsVersion = 13.3;
						TestTargetID = 0EFA1FF428031CD80058C830;
					};
				};
			};
			buildConfigurationList = 0EFA1FF028031CD80058C830 /* Build configuration list for PBXProject "SampleTinder-MVVM" */;
			compatibilityVersion = "Xcode 13.0";
			developmentRegion = en;
			hasScannedForEncodings = 0;
			knownRegions = (
				en,
				Base,
			);
			mainGroup = 0EFA1FEC28031CD80058C830;
			packageReferences = (
				0EFA203D280AF60D0058C830 /* XCRemoteSwiftPackageReference "RxSwift" */,
				0EFA206D281701EF0058C830 /* XCRemoteSwiftPackageReference "PKHUD" */,
			);
			productRefGroup = 0EFA1FF628031CD80058C830 /* Products */;
			projectDirPath = "";
			projectRoot = "";
			targets = (
				0EFA1FF428031CD80058C830 /* SampleTinder-MVVM */,
				0EFA200A28031CDA0058C830 /* SampleTinder-MVVMTests */,
				0EFA201428031CDA0058C830 /* SampleTinder-MVVMUITests */,
			);
		};
/* End PBXProject section */

/* Begin PBXResourcesBuildPhase section */
		0EFA1FF328031CD80058C830 /* Resources */ = {
			isa = PBXResourcesBuildPhase;
			buildActionMask = 2147483647;
			files = (
				0EFA200528031CDA0058C830 /* LaunchScreen.storyboard in Resources */,
				0EFA200228031CDA0058C830 /* Assets.xcassets in Resources */,
				0EFA2053280EF2950058C830 /* GoogleService-Info.plist in Resources */,
			);
			runOnlyForDeploymentPostprocessing = 0;
		};
		0EFA200928031CDA0058C830 /* Resources */ = {
			isa = PBXResourcesBuildPhase;
			buildActionMask = 2147483647;
			files = (
			);
			runOnlyForDeploymentPostprocessing = 0;
		};
		0EFA201328031CDA0058C830 /* Resources */ = {
			isa = PBXResourcesBuildPhase;
			buildActionMask = 2147483647;
			files = (
			);
			runOnlyForDeploymentPostprocessing = 0;
		};
/* End PBXResourcesBuildPhase section */

/* Begin PBXShellScriptBuildPhase section */
		98939A30A95C59F995425F55 /* [CP] Embed Pods Frameworks */ = {
			isa = PBXShellScriptBuildPhase;
			buildActionMask = 2147483647;
			files = (
			);
			inputFileListPaths = (
				"${PODS_ROOT}/Target Support Files/Pods-SampleTinder-MVVM/Pods-SampleTinder-MVVM-frameworks-${CONFIGURATION}-input-files.xcfilelist",
			);
			name = "[CP] Embed Pods Frameworks";
			outputFileListPaths = (
				"${PODS_ROOT}/Target Support Files/Pods-SampleTinder-MVVM/Pods-SampleTinder-MVVM-frameworks-${CONFIGURATION}-output-files.xcfilelist",
			);
			runOnlyForDeploymentPostprocessing = 0;
			shellPath = /bin/sh;
			shellScript = "\"${PODS_ROOT}/Target Support Files/Pods-SampleTinder-MVVM/Pods-SampleTinder-MVVM-frameworks.sh\"\n";
			showEnvVarsInLog = 0;
		};
		EAA433F9027C84C18C808231 /* [CP] Check Pods Manifest.lock */ = {
			isa = PBXShellScriptBuildPhase;
			buildActionMask = 2147483647;
			files = (
			);
			inputFileListPaths = (
			);
			inputPaths = (
				"${PODS_PODFILE_DIR_PATH}/Podfile.lock",
				"${PODS_ROOT}/Manifest.lock",
			);
			name = "[CP] Check Pods Manifest.lock";
			outputFileListPaths = (
			);
			outputPaths = (
				"$(DERIVED_FILE_DIR)/Pods-SampleTinder-MVVM-checkManifestLockResult.txt",
			);
			runOnlyForDeploymentPostprocessing = 0;
			shellPath = /bin/sh;
			shellScript = "diff \"${PODS_PODFILE_DIR_PATH}/Podfile.lock\" \"${PODS_ROOT}/Manifest.lock\" > /dev/null\nif [ $? != 0 ] ; then\n    # print error to STDERR\n    echo \"error: The sandbox is not in sync with the Podfile.lock. Run 'pod install' or update your CocoaPods installation.\" >&2\n    exit 1\nfi\n# This output is used by Xcode 'outputs' to avoid re-running this script phase.\necho \"SUCCESS\" > \"${SCRIPT_OUTPUT_FILE_0}\"\n";
			showEnvVarsInLog = 0;
		};
/* End PBXShellScriptBuildPhase section */

/* Begin PBXSourcesBuildPhase section */
		0EFA1FF128031CD80058C830 /* Sources */ = {
			isa = PBXSourcesBuildPhase;
			buildActionMask = 2147483647;
			files = (
				0EFA2069281584DC0058C830 /* LoginViewController.swift in Sources */,
				0EFA2047280C3CFE0058C830 /* CardView.swift in Sources */,
				0EFA2059280F49DC0058C830 /* RegisterTextField.swift in Sources */,
				0EFA2049280DA7340058C830 /* UIColor+.swift in Sources */,
				0EFA2045280C352A0058C830 /* UIView+.swift in Sources */,
				0EFA205B280F55010058C830 /* RegisterTitleLabel.swift in Sources */,
				0EFA2055280F45050058C830 /* RegisterViewController.swift in Sources */,
				0EFA204B280E8BB10058C830 /* CardInfoLabel.swift in Sources */,
				0EFA1FFD28031CD80058C830 /* HomeViewController.swift in Sources */,
				0EFA2039280860870058C830 /* UIImage+.swift in Sources */,
				0EFA20652813D1610058C830 /* RegisterViewModel.swift in Sources */,
				0EFA205D280F581B0058C830 /* RegisterButton.swift in Sources */,
				0EFA20372807F02B0058C830 /* BottomControlView.swift in Sources */,
				0EFA204F280E90EA0058C830 /* CardImageView.swift in Sources */,
				0EFA20622812E10C0058C830 /* FirebaseManager.swift in Sources */,
				0EFA203C280AEE7D0058C830 /* TopControlView.swift in Sources */,
				0EFA1FF928031CD80058C830 /* AppDelegate.swift in Sources */,
				0EFA204D280E902A0058C830 /* UIButton+.swift in Sources */,
				0EFA2072281830090058C830 /* User.swift in Sources */,
			);
			runOnlyForDeploymentPostprocessing = 0;
		};
		0EFA200728031CDA0058C830 /* Sources */ = {
			isa = PBXSourcesBuildPhase;
			buildActionMask = 2147483647;
			files = (
				0EFA201028031CDA0058C830 /* SampleTinder_MVVMTests.swift in Sources */,
			);
			runOnlyForDeploymentPostprocessing = 0;
		};
		0EFA201128031CDA0058C830 /* Sources */ = {
			isa = PBXSourcesBuildPhase;
			buildActionMask = 2147483647;
			files = (
				0EFA201C28031CDA0058C830 /* SampleTinder_MVVMUITestsLaunchTests.swift in Sources */,
				0EFA201A28031CDA0058C830 /* SampleTinder_MVVMUITests.swift in Sources */,
			);
			runOnlyForDeploymentPostprocessing = 0;
		};
/* End PBXSourcesBuildPhase section */

/* Begin PBXTargetDependency section */
		0EFA200D28031CDA0058C830 /* PBXTargetDependency */ = {
			isa = PBXTargetDependency;
			target = 0EFA1FF428031CD80058C830 /* SampleTinder-MVVM */;
			targetProxy = 0EFA200C28031CDA0058C830 /* PBXContainerItemProxy */;
		};
		0EFA201728031CDA0058C830 /* PBXTargetDependency */ = {
			isa = PBXTargetDependency;
			target = 0EFA1FF428031CD80058C830 /* SampleTinder-MVVM */;
			targetProxy = 0EFA201628031CDA0058C830 /* PBXContainerItemProxy */;
		};
/* End PBXTargetDependency section */

/* Begin PBXVariantGroup section */
		0EFA200328031CDA0058C830 /* LaunchScreen.storyboard */ = {
			isa = PBXVariantGroup;
			children = (
				0EFA200428031CDA0058C830 /* Base */,
			);
			name = LaunchScreen.storyboard;
			sourceTree = "<group>";
		};
/* End PBXVariantGroup section */

/* Begin XCBuildConfiguration section */
		0EFA201D28031CDA0058C830 /* Debug */ = {
			isa = XCBuildConfiguration;
			buildSettings = {
				ALWAYS_SEARCH_USER_PATHS = NO;
				CLANG_ANALYZER_NONNULL = YES;
				CLANG_ANALYZER_NUMBER_OBJECT_CONVERSION = YES_AGGRESSIVE;
				CLANG_CXX_LANGUAGE_STANDARD = "gnu++17";
				CLANG_ENABLE_MODULES = YES;
				CLANG_ENABLE_OBJC_ARC = YES;
				CLANG_ENABLE_OBJC_WEAK = YES;
				CLANG_WARN_BLOCK_CAPTURE_AUTORELEASING = YES;
				CLANG_WARN_BOOL_CONVERSION = YES;
				CLANG_WARN_COMMA = YES;
				CLANG_WARN_CONSTANT_CONVERSION = YES;
				CLANG_WARN_DEPRECATED_OBJC_IMPLEMENTATIONS = YES;
				CLANG_WARN_DIRECT_OBJC_ISA_USAGE = YES_ERROR;
				CLANG_WARN_DOCUMENTATION_COMMENTS = YES;
				CLANG_WARN_EMPTY_BODY = YES;
				CLANG_WARN_ENUM_CONVERSION = YES;
				CLANG_WARN_INFINITE_RECURSION = YES;
				CLANG_WARN_INT_CONVERSION = YES;
				CLANG_WARN_NON_LITERAL_NULL_CONVERSION = YES;
				CLANG_WARN_OBJC_IMPLICIT_RETAIN_SELF = YES;
				CLANG_WARN_OBJC_LITERAL_CONVERSION = YES;
				CLANG_WARN_OBJC_ROOT_CLASS = YES_ERROR;
				CLANG_WARN_QUOTED_INCLUDE_IN_FRAMEWORK_HEADER = YES;
				CLANG_WARN_RANGE_LOOP_ANALYSIS = YES;
				CLANG_WARN_STRICT_PROTOTYPES = YES;
				CLANG_WARN_SUSPICIOUS_MOVE = YES;
				CLANG_WARN_UNGUARDED_AVAILABILITY = YES_AGGRESSIVE;
				CLANG_WARN_UNREACHABLE_CODE = YES;
				CLANG_WARN__DUPLICATE_METHOD_MATCH = YES;
				COPY_PHASE_STRIP = NO;
				DEBUG_INFORMATION_FORMAT = dwarf;
				ENABLE_STRICT_OBJC_MSGSEND = YES;
				ENABLE_TESTABILITY = YES;
				GCC_C_LANGUAGE_STANDARD = gnu11;
				GCC_DYNAMIC_NO_PIC = NO;
				GCC_NO_COMMON_BLOCKS = YES;
				GCC_OPTIMIZATION_LEVEL = 0;
				GCC_PREPROCESSOR_DEFINITIONS = (
					"DEBUG=1",
					"$(inherited)",
				);
				GCC_WARN_64_TO_32_BIT_CONVERSION = YES;
				GCC_WARN_ABOUT_RETURN_TYPE = YES_ERROR;
				GCC_WARN_UNDECLARED_SELECTOR = YES;
				GCC_WARN_UNINITIALIZED_AUTOS = YES_AGGRESSIVE;
				GCC_WARN_UNUSED_FUNCTION = YES;
				GCC_WARN_UNUSED_VARIABLE = YES;
				IPHONEOS_DEPLOYMENT_TARGET = 15.4;
				MTL_ENABLE_DEBUG_INFO = INCLUDE_SOURCE;
				MTL_FAST_MATH = YES;
				ONLY_ACTIVE_ARCH = YES;
				SDKROOT = iphoneos;
				SWIFT_ACTIVE_COMPILATION_CONDITIONS = DEBUG;
				SWIFT_OPTIMIZATION_LEVEL = "-Onone";
			};
			name = Debug;
		};
		0EFA201E28031CDA0058C830 /* Release */ = {
			isa = XCBuildConfiguration;
			buildSettings = {
				ALWAYS_SEARCH_USER_PATHS = NO;
				CLANG_ANALYZER_NONNULL = YES;
				CLANG_ANALYZER_NUMBER_OBJECT_CONVERSION = YES_AGGRESSIVE;
				CLANG_CXX_LANGUAGE_STANDARD = "gnu++17";
				CLANG_ENABLE_MODULES = YES;
				CLANG_ENABLE_OBJC_ARC = YES;
				CLANG_ENABLE_OBJC_WEAK = YES;
				CLANG_WARN_BLOCK_CAPTURE_AUTORELEASING = YES;
				CLANG_WARN_BOOL_CONVERSION = YES;
				CLANG_WARN_COMMA = YES;
				CLANG_WARN_CONSTANT_CONVERSION = YES;
				CLANG_WARN_DEPRECATED_OBJC_IMPLEMENTATIONS = YES;
				CLANG_WARN_DIRECT_OBJC_ISA_USAGE = YES_ERROR;
				CLANG_WARN_DOCUMENTATION_COMMENTS = YES;
				CLANG_WARN_EMPTY_BODY = YES;
				CLANG_WARN_ENUM_CONVERSION = YES;
				CLANG_WARN_INFINITE_RECURSION = YES;
				CLANG_WARN_INT_CONVERSION = YES;
				CLANG_WARN_NON_LITERAL_NULL_CONVERSION = YES;
				CLANG_WARN_OBJC_IMPLICIT_RETAIN_SELF = YES;
				CLANG_WARN_OBJC_LITERAL_CONVERSION = YES;
				CLANG_WARN_OBJC_ROOT_CLASS = YES_ERROR;
				CLANG_WARN_QUOTED_INCLUDE_IN_FRAMEWORK_HEADER = YES;
				CLANG_WARN_RANGE_LOOP_ANALYSIS = YES;
				CLANG_WARN_STRICT_PROTOTYPES = YES;
				CLANG_WARN_SUSPICIOUS_MOVE = YES;
				CLANG_WARN_UNGUARDED_AVAILABILITY = YES_AGGRESSIVE;
				CLANG_WARN_UNREACHABLE_CODE = YES;
				CLANG_WARN__DUPLICATE_METHOD_MATCH = YES;
				COPY_PHASE_STRIP = NO;
				DEBUG_INFORMATION_FORMAT = "dwarf-with-dsym";
				ENABLE_NS_ASSERTIONS = NO;
				ENABLE_STRICT_OBJC_MSGSEND = YES;
				GCC_C_LANGUAGE_STANDARD = gnu11;
				GCC_NO_COMMON_BLOCKS = YES;
				GCC_WARN_64_TO_32_BIT_CONVERSION = YES;
				GCC_WARN_ABOUT_RETURN_TYPE = YES_ERROR;
				GCC_WARN_UNDECLARED_SELECTOR = YES;
				GCC_WARN_UNINITIALIZED_AUTOS = YES_AGGRESSIVE;
				GCC_WARN_UNUSED_FUNCTION = YES;
				GCC_WARN_UNUSED_VARIABLE = YES;
				IPHONEOS_DEPLOYMENT_TARGET = 15.4;
				MTL_ENABLE_DEBUG_INFO = NO;
				MTL_FAST_MATH = YES;
				SDKROOT = iphoneos;
				SWIFT_COMPILATION_MODE = wholemodule;
				SWIFT_OPTIMIZATION_LEVEL = "-O";
				VALIDATE_PRODUCT = YES;
			};
			name = Release;
		};
		0EFA202028031CDA0058C830 /* Debug */ = {
			isa = XCBuildConfiguration;
			baseConfigurationReference = AC7670495415512080A17A7F /* Pods-SampleTinder-MVVM.debug.xcconfig */;
			buildSettings = {
				ASSETCATALOG_COMPILER_APPICON_NAME = AppIcon;
				ASSETCATALOG_COMPILER_GLOBAL_ACCENT_COLOR_NAME = AccentColor;
				CODE_SIGN_STYLE = Automatic;
				CURRENT_PROJECT_VERSION = 1;
				DEVELOPMENT_TEAM = DP64W5P5DK;
				GENERATE_INFOPLIST_FILE = YES;
				INFOPLIST_FILE = "SampleTinder-MVVM/Info.plist";
				INFOPLIST_KEY_UIApplicationSupportsIndirectInputEvents = YES;
				INFOPLIST_KEY_UILaunchStoryboardName = LaunchScreen;
				INFOPLIST_KEY_UISupportedInterfaceOrientations_iPad = "UIInterfaceOrientationPortrait UIInterfaceOrientationPortraitUpsideDown UIInterfaceOrientationLandscapeLeft UIInterfaceOrientationLandscapeRight";
				INFOPLIST_KEY_UISupportedInterfaceOrientations_iPhone = "UIInterfaceOrientationPortrait UIInterfaceOrientationLandscapeLeft UIInterfaceOrientationLandscapeRight";
				IPHONEOS_DEPLOYMENT_TARGET = 13.0;
				LD_RUNPATH_SEARCH_PATHS = (
					"$(inherited)",
					"@executable_path/Frameworks",
				);
				MARKETING_VERSION = 1.0;
				PRODUCT_BUNDLE_IDENTIFIER = "com.mkt1997.SampleTinder-MVVM";
				PRODUCT_NAME = "$(TARGET_NAME)";
				SWIFT_EMIT_LOC_STRINGS = YES;
				SWIFT_VERSION = 5.0;
				TARGETED_DEVICE_FAMILY = 1;
			};
			name = Debug;
		};
		0EFA202128031CDA0058C830 /* Release */ = {
			isa = XCBuildConfiguration;
			baseConfigurationReference = 3798BDAC999DAF7BCE609D2B /* Pods-SampleTinder-MVVM.release.xcconfig */;
			buildSettings = {
				ASSETCATALOG_COMPILER_APPICON_NAME = AppIcon;
				ASSETCATALOG_COMPILER_GLOBAL_ACCENT_COLOR_NAME = AccentColor;
				CODE_SIGN_STYLE = Automatic;
				CURRENT_PROJECT_VERSION = 1;
				DEVELOPMENT_TEAM = DP64W5P5DK;
				GENERATE_INFOPLIST_FILE = YES;
				INFOPLIST_FILE = "SampleTinder-MVVM/Info.plist";
				INFOPLIST_KEY_UIApplicationSupportsIndirectInputEvents = YES;
				INFOPLIST_KEY_UILaunchStoryboardName = LaunchScreen;
				INFOPLIST_KEY_UISupportedInterfaceOrientations_iPad = "UIInterfaceOrientationPortrait UIInterfaceOrientationPortraitUpsideDown UIInterfaceOrientationLandscapeLeft UIInterfaceOrientationLandscapeRight";
				INFOPLIST_KEY_UISupportedInterfaceOrientations_iPhone = "UIInterfaceOrientationPortrait UIInterfaceOrientationLandscapeLeft UIInterfaceOrientationLandscapeRight";
				IPHONEOS_DEPLOYMENT_TARGET = 13.0;
				LD_RUNPATH_SEARCH_PATHS = (
					"$(inherited)",
					"@executable_path/Frameworks",
				);
				MARKETING_VERSION = 1.0;
				PRODUCT_BUNDLE_IDENTIFIER = "com.mkt1997.SampleTinder-MVVM";
				PRODUCT_NAME = "$(TARGET_NAME)";
				SWIFT_EMIT_LOC_STRINGS = YES;
				SWIFT_VERSION = 5.0;
				TARGETED_DEVICE_FAMILY = 1;
			};
			name = Release;
		};
		0EFA202328031CDA0058C830 /* Debug */ = {
			isa = XCBuildConfiguration;
			buildSettings = {
				ALWAYS_EMBED_SWIFT_STANDARD_LIBRARIES = YES;
				BUNDLE_LOADER = "$(TEST_HOST)";
				CODE_SIGN_STYLE = Automatic;
				CURRENT_PROJECT_VERSION = 1;
				DEVELOPMENT_TEAM = DP64W5P5DK;
				GENERATE_INFOPLIST_FILE = YES;
				IPHONEOS_DEPLOYMENT_TARGET = 15.4;
				MARKETING_VERSION = 1.0;
				PRODUCT_BUNDLE_IDENTIFIER = "com.mkt1997.SampleTinder-MVVMTests";
				PRODUCT_NAME = "$(TARGET_NAME)";
				SWIFT_EMIT_LOC_STRINGS = NO;
				SWIFT_VERSION = 5.0;
				TARGETED_DEVICE_FAMILY = "1,2";
				TEST_HOST = "$(BUILT_PRODUCTS_DIR)/SampleTinder-MVVM.app/SampleTinder-MVVM";
			};
			name = Debug;
		};
		0EFA202428031CDA0058C830 /* Release */ = {
			isa = XCBuildConfiguration;
			buildSettings = {
				ALWAYS_EMBED_SWIFT_STANDARD_LIBRARIES = YES;
				BUNDLE_LOADER = "$(TEST_HOST)";
				CODE_SIGN_STYLE = Automatic;
				CURRENT_PROJECT_VERSION = 1;
				DEVELOPMENT_TEAM = DP64W5P5DK;
				GENERATE_INFOPLIST_FILE = YES;
				IPHONEOS_DEPLOYMENT_TARGET = 15.4;
				MARKETING_VERSION = 1.0;
				PRODUCT_BUNDLE_IDENTIFIER = "com.mkt1997.SampleTinder-MVVMTests";
				PRODUCT_NAME = "$(TARGET_NAME)";
				SWIFT_EMIT_LOC_STRINGS = NO;
				SWIFT_VERSION = 5.0;
				TARGETED_DEVICE_FAMILY = "1,2";
				TEST_HOST = "$(BUILT_PRODUCTS_DIR)/SampleTinder-MVVM.app/SampleTinder-MVVM";
			};
			name = Release;
		};
		0EFA202628031CDA0058C830 /* Debug */ = {
			isa = XCBuildConfiguration;
			buildSettings = {
				ALWAYS_EMBED_SWIFT_STANDARD_LIBRARIES = YES;
				CODE_SIGN_STYLE = Automatic;
				CURRENT_PROJECT_VERSION = 1;
				DEVELOPMENT_TEAM = DP64W5P5DK;
				GENERATE_INFOPLIST_FILE = YES;
				MARKETING_VERSION = 1.0;
				PRODUCT_BUNDLE_IDENTIFIER = "com.mkt1997.SampleTinder-MVVMUITests";
				PRODUCT_NAME = "$(TARGET_NAME)";
				SWIFT_EMIT_LOC_STRINGS = NO;
				SWIFT_VERSION = 5.0;
				TARGETED_DEVICE_FAMILY = "1,2";
				TEST_TARGET_NAME = "SampleTinder-MVVM";
			};
			name = Debug;
		};
		0EFA202728031CDA0058C830 /* Release */ = {
			isa = XCBuildConfiguration;
			buildSettings = {
				ALWAYS_EMBED_SWIFT_STANDARD_LIBRARIES = YES;
				CODE_SIGN_STYLE = Automatic;
				CURRENT_PROJECT_VERSION = 1;
				DEVELOPMENT_TEAM = DP64W5P5DK;
				GENERATE_INFOPLIST_FILE = YES;
				MARKETING_VERSION = 1.0;
				PRODUCT_BUNDLE_IDENTIFIER = "com.mkt1997.SampleTinder-MVVMUITests";
				PRODUCT_NAME = "$(TARGET_NAME)";
				SWIFT_EMIT_LOC_STRINGS = NO;
				SWIFT_VERSION = 5.0;
				TARGETED_DEVICE_FAMILY = "1,2";
				TEST_TARGET_NAME = "SampleTinder-MVVM";
			};
			name = Release;
		};
/* End XCBuildConfiguration section */

/* Begin XCConfigurationList section */
		0EFA1FF028031CD80058C830 /* Build configuration list for PBXProject "SampleTinder-MVVM" */ = {
			isa = XCConfigurationList;
			buildConfigurations = (
				0EFA201D28031CDA0058C830 /* Debug */,
				0EFA201E28031CDA0058C830 /* Release */,
			);
			defaultConfigurationIsVisible = 0;
			defaultConfigurationName = Release;
		};
		0EFA201F28031CDA0058C830 /* Build configuration list for PBXNativeTarget "SampleTinder-MVVM" */ = {
			isa = XCConfigurationList;
			buildConfigurations = (
				0EFA202028031CDA0058C830 /* Debug */,
				0EFA202128031CDA0058C830 /* Release */,
			);
			defaultConfigurationIsVisible = 0;
			defaultConfigurationName = Release;
		};
		0EFA202228031CDA0058C830 /* Build configuration list for PBXNativeTarget "SampleTinder-MVVMTests" */ = {
			isa = XCConfigurationList;
			buildConfigurations = (
				0EFA202328031CDA0058C830 /* Debug */,
				0EFA202428031CDA0058C830 /* Release */,
			);
			defaultConfigurationIsVisible = 0;
			defaultConfigurationName = Release;
		};
		0EFA202528031CDA0058C830 /* Build configuration list for PBXNativeTarget "SampleTinder-MVVMUITests" */ = {
			isa = XCConfigurationList;
			buildConfigurations = (
				0EFA202628031CDA0058C830 /* Debug */,
				0EFA202728031CDA0058C830 /* Release */,
			);
			defaultConfigurationIsVisible = 0;
			defaultConfigurationName = Release;
		};
/* End XCConfigurationList section */

/* Begin XCRemoteSwiftPackageReference section */
		0EFA203D280AF60D0058C830 /* XCRemoteSwiftPackageReference "RxSwift" */ = {
			isa = XCRemoteSwiftPackageReference;
			repositoryURL = "https://github.com/ReactiveX/RxSwift";
			requirement = {
				kind = exactVersion;
				version = 6.0.0;
			};
		};
		0EFA206D281701EF0058C830 /* XCRemoteSwiftPackageReference "PKHUD" */ = {
			isa = XCRemoteSwiftPackageReference;
			repositoryURL = "https://github.com/pkluz/PKHUD";
			requirement = {
				kind = upToNextMajorVersion;
				minimumVersion = 5.0.0;
			};
		};
/* End XCRemoteSwiftPackageReference section */

/* Begin XCSwiftPackageProductDependency section */
		0EFA203E280AF60D0058C830 /* RxCocoa */ = {
			isa = XCSwiftPackageProductDependency;
			package = 0EFA203D280AF60D0058C830 /* XCRemoteSwiftPackageReference "RxSwift" */;
			productName = RxCocoa;
		};
		0EFA2040280AF60D0058C830 /* RxRelay */ = {
			isa = XCSwiftPackageProductDependency;
			package = 0EFA203D280AF60D0058C830 /* XCRemoteSwiftPackageReference "RxSwift" */;
			productName = RxRelay;
		};
		0EFA2042280AF60D0058C830 /* RxSwift */ = {
			isa = XCSwiftPackageProductDependency;
			package = 0EFA203D280AF60D0058C830 /* XCRemoteSwiftPackageReference "RxSwift" */;
			productName = RxSwift;
		};
		0EFA206E281701EF0058C830 /* PKHUD */ = {
			isa = XCSwiftPackageProductDependency;
			package = 0EFA206D281701EF0058C830 /* XCRemoteSwiftPackageReference "PKHUD" */;
			productName = PKHUD;
		};
/* End XCSwiftPackageProductDependency section */
	};
	rootObject = 0EFA1FED28031CD80058C830 /* Project object */;
}
